
Microsoft Visual Studio Solution File, Format Version 12.00
# Visual Studio 15
VisualStudioVersion = 15.0.28010.2019
MinimumVisualStudioVersion = 10.0.40219.1
Project("{FAE04EC0-301F-11D3-BF4B-00C04F79EFBC}") = "CheckPoint4", "CheckPoint4\CheckPoint4.csproj", "{0CDE2B30-0419-47D8-8EDD-69C5503B5D83}"
EndProject
Global
	GlobalSection(SolutionConfigurationPlatforms) = preSolution
		Debug|Any CPU = Debug|Any CPU
		Release|Any CPU = Release|Any CPU
	EndGlobalSection
	GlobalSection(ProjectConfigurationPlatforms) = postSolution
		{0CDE2B30-0419-47D8-8EDD-69C5503B5D83}.Debug|Any CPU.ActiveCfg = Debug|Any CPU
		{0CDE2B30-0419-47D8-8EDD-69C5503B5D83}.Debug|Any CPU.Build.0 = Debug|Any CPU
		{0CDE2B30-0419-47D8-8EDD-69C5503B5D83}.Release|Any CPU.ActiveCfg = Release|Any CPU
		{0CDE2B30-0419-47D8-8EDD-69C5503B5D83}.Release|Any CPU.Build.0 = Release|Any CPU
	EndGlobalSection
	GlobalSection(SolutionProperties) = preSolution
		HideSolutionNode = FALSE
	EndGlobalSection
	GlobalSection(ExtensibilityGlobals) = postSolution
		SolutionGuid = {F0F643AD-D3DE-4C45-96EC-B0E8C3F026B6}
	EndGlobalSection
EndGlobal
